<?xml version="1.0" encoding="utf-8"?>
<Project ToolsVersion="4.0" xmlns="http://schemas.microsoft.com/developer/msbuild/2003">
  <ItemGroup>
    <Filter Include="Source Files">
      <UniqueIdentifier>{4FC737F1-C7A5-4376-A066-2A32D752A2FF}</UniqueIdentifier>
      <Extensions>cpp;c;cc;cxx;c++;cppm;ixx;def;odl;idl;hpj;bat;asm;asmx</Extensions>
    </Filter>
    <Filter Include="Header Files">
      <UniqueIdentifier>{93995380-89BD-4b04-88EB-625FBE52EBFB}</UniqueIdentifier>
      <Extensions>h;hh;hpp;hxx;h++;hm;inl;inc;ipp;xsd</Extensions>
    </Filter>
    <Filter Include="Resource Files">
      <UniqueIdentifier>{67DA6AB6-F800-4c08-8B7A-83BB121AAD01}</UniqueIdentifier>
      <Extensions>rc;ico;cur;bmp;dlg;rc2;rct;bin;rgs;gif;jpg;jpeg;jpe;resx;tiff;tif;png;wav;mfcribbon-ms</Extensions>
    </Filter>
    <Filter Include="Header Files\Core">
      <UniqueIdentifier>{d438fe86-fff9-4474-a4bd-521350ec55c2}</UniqueIdentifier>
    </Filter>
    <Filter Include="Header Files\Lip">
      <UniqueIdentifier>{d68eb25f-ea91-4a99-9972-98132ef7fb85}</UniqueIdentifier>
    </Filter>
    <Filter Include="Header Files\Screen">
      <UniqueIdentifier>{832f6e66-edba-42f1-b4e7-c3d263d25c0a}</UniqueIdentifier>
    </Filter>
    <Filter Include="Header Files\Screen\Users">
      <UniqueIdentifier>{705fa004-df9e-4862-a7ca-446776d2eaa1}</UniqueIdentifier>
    </Filter>
    <Filter Include="Header Files\Screen\Currencies">
      <UniqueIdentifier>{6dbd55de-ef30-47a2-9c4a-1431f6b7d332}</UniqueIdentifier>
    </Filter>
    <Filter Include="Header Files\Screen\Client">
      <UniqueIdentifier>{c1b87ddf-2a2d-440e-ab25-4ab9544f6d57}</UniqueIdentifier>
    </Filter>
    <Filter Include="Header Files\Transaction">
      <UniqueIdentifier>{12912660-ff67-4472-9b20-19f57108a72e}</UniqueIdentifier>
    </Filter>
    <Filter Include="Header Files\Screen\MainAndLogin">
      <UniqueIdentifier>{96addf1a-250e-4590-b855-35622b006694}</UniqueIdentifier>
    </Filter>
  </ItemGroup>
  <ItemGroup>
    <ClCompile Include="OOP.cpp">
      <Filter>Source Files</Filter>
    </ClCompile>
  </ItemGroup>
  <ItemGroup>
    <ClInclude Include="Global.h">
      <Filter>Header Files</Filter>
    </ClInclude>
    <ClInclude Include="clsUsers.h">
      <Filter>Header Files\Core</Filter>
    </ClInclude>
    <ClInclude Include="clsBankClient.h">
      <Filter>Header Files\Core</Filter>
    </ClInclude>
    <ClInclude Include="clsCurrency.h">
      <Filter>Header Files\Core</Filter>
    </ClInclude>
    <ClInclude Include="clsPerson.h">
      <Filter>Header Files\Core</Filter>
    </ClInclude>
    <ClInclude Include="clsDate.h">
      <Filter>Header Files\Lip</Filter>
    </ClInclude>
    <ClInclude Include="clsPeriod.h">
      <Filter>Header Files\Lip</Filter>
    </ClInclude>
    <ClInclude Include="clsString.h">
      <Filter>Header Files\Lip</Filter>
    </ClInclude>
    <ClInclude Include="clsTime.h">
      <Filter>Header Files\Lip</Filter>
    </ClInclude>
    <ClInclude Include="clsUtil.h">
      <Filter>Header Files\Lip</Filter>
    </ClInclude>
    <ClInclude Include="clsAddClientScreen.h">
      <Filter>Header Files\Screen\Client</Filter>
    </ClInclude>
    <ClInclude Include="clsAddUserScreen.h">
      <Filter>Header Files\Screen\Users</Filter>
    </ClInclude>
    <ClInclude Include="clsClientListScreen.h">
      <Filter>Header Files\Screen\Client</Filter>
    </ClInclude>
    <ClInclude Include="clsCurrencyCalculator.h">
      <Filter>Header Files\Screen\Currencies</Filter>
    </ClInclude>
    <ClInclude Include="clsCurrencyScreen.h">
      <Filter>Header Files\Screen\Currencies</Filter>
    </ClInclude>
    <ClInclude Include="clsDeleteClientScreen.h">
      <Filter>Header Files\Screen\Client</Filter>
    </ClInclude>
    <ClInclude Include="clsDeleteUserScreen.h">
      <Filter>Header Files\Screen\Users</Filter>
    </ClInclude>
    <ClInclude Include="clsDepositScreen.h">
      <Filter>Header Files\Screen\Client</Filter>
    </ClInclude>
    <ClInclude Include="clsFindClientScreen.h">
      <Filter>Header Files\Screen\Client</Filter>
    </ClInclude>
    <ClInclude Include="clsFindCurrency.h">
      <Filter>Header Files\Screen\Currencies</Filter>
    </ClInclude>
    <ClInclude Include="clsFindUserScreen.h">
      <Filter>Header Files\Screen\Users</Filter>
    </ClInclude>
    <ClInclude Include="clsInputValidate.h">
      <Filter>Header Files\Lip</Filter>
    </ClInclude>
    <ClInclude Include="clsMangerUserScreen.h">
      <Filter>Header Files\Screen\Users</Filter>
    </ClInclude>
    <ClInclude Include="clsRegristerLoginList.h">
      <Filter>Header Files\Screen\Users</Filter>
    </ClInclude>
    <ClInclude Include="clsShowCurrencyList.h">
      <Filter>Header Files\Screen\Currencies</Filter>
    </ClInclude>
    <ClInclude Include="clsUpdateClientScreen.h">
      <Filter>Header Files\Screen\Client</Filter>
    </ClInclude>
    <ClInclude Include="clsUpdateRateCurrency.h">
      <Filter>Header Files\Screen\Currencies</Filter>
    </ClInclude>
    <ClInclude Include="clsUpdateUserScreen.h">
      <Filter>Header Files\Screen\Users</Filter>
    </ClInclude>
    <ClInclude Include="clsUserListScreen.h">
      <Filter>Header Files\Screen\Users</Filter>
    </ClInclude>
    <ClInclude Include="clsTotalBalanceScreen.h">
      <Filter>Header Files\Transaction</Filter>
    </ClInclude>
    <ClInclude Include="clsTransactionScreen.h">
      <Filter>Header Files\Transaction</Filter>
    </ClInclude>
    <ClInclude Include="clsTransferListScreen.h">
      <Filter>Header Files\Transaction</Filter>
    </ClInclude>
    <ClInclude Include="clsTransferScreen.h">
      <Filter>Header Files\Transaction</Filter>
    </ClInclude>
    <ClInclude Include="clsWithdrwaScreen.h">
      <Filter>Header Files\Transaction</Filter>
    </ClInclude>
    <ClInclude Include="..\..\C8\C8\MymainLip.h">
      <Filter>Header Files\Lip</Filter>
    </ClInclude>
    <ClInclude Include="clsMainScreen.h">
      <Filter>Header Files\Screen\MainAndLogin</Filter>
    </ClInclude>
    <ClInclude Include="clsScreen.h">
      <Filter>Header Files\Screen\MainAndLogin</Filter>
    </ClInclude>
    <ClInclude Include="clsLoginScreen.h">
      <Filter>Header Files\Screen\MainAndLogin</Filter>
    </ClInclude>
  </ItemGroup>
</Project>